
Microsoft Visual Studio Solution File, Format Version 12.00
# Visual Studio Version 17
VisualStudioVersion = 17.14.36401.2 d17.14
MinimumVisualStudioVersion = 10.0.40219.1
Project("{FAE04EC0-301F-11D3-BF4B-00C04F79EFBC}") = "BlogDataLibrary", "BlogDataLibrary\BlogDataLibrary.csproj", "{2E37B850-3C5C-40A0-83A5-0A06C49A9136}"
EndProject
Project("{00D1A9C2-B5F0-4AF3-8072-F6C62B433612}") = "FadriquelaBlogDB", "FadriquelaBlogDB\FadriquelaBlogDB.sqlproj", "{672A8D46-8581-40E2-84CC-ACB12A4EA2E5}"
EndProject
Project("{FAE04EC0-301F-11D3-BF4B-00C04F79EFBC}") = "BlogTestUI", "BlogTestUI\BlogTestUI.csproj", "{5AF282BB-9936-4FEF-88BE-7A2E4D92DE11}"
EndProject
Global
	GlobalSection(SolutionConfigurationPlatforms) = preSolution
		Debug|Any CPU = Debug|Any CPU
		Release|Any CPU = Release|Any CPU
	EndGlobalSection
	GlobalSection(ProjectConfigurationPlatforms) = postSolution
		{2E37B850-3C5C-40A0-83A5-0A06C49A9136}.Debug|Any CPU.ActiveCfg = Debug|Any CPU
		{2E37B850-3C5C-40A0-83A5-0A06C49A9136}.Debug|Any CPU.Build.0 = Debug|Any CPU
		{2E37B850-3C5C-40A0-83A5-0A06C49A9136}.Release|Any CPU.ActiveCfg = Release|Any CPU
		{2E37B850-3C5C-40A0-83A5-0A06C49A9136}.Release|Any CPU.Build.0 = Release|Any CPU
		{672A8D46-8581-40E2-84CC-ACB12A4EA2E5}.Debug|Any CPU.ActiveCfg = Debug|Any CPU
		{672A8D46-8581-40E2-84CC-ACB12A4EA2E5}.Debug|Any CPU.Build.0 = Debug|Any CPU
		{672A8D46-8581-40E2-84CC-ACB12A4EA2E5}.Debug|Any CPU.Deploy.0 = Debug|Any CPU
		{672A8D46-8581-40E2-84CC-ACB12A4EA2E5}.Release|Any CPU.ActiveCfg = Release|Any CPU
		{672A8D46-8581-40E2-84CC-ACB12A4EA2E5}.Release|Any CPU.Build.0 = Release|Any CPU
		{672A8D46-8581-40E2-84CC-ACB12A4EA2E5}.Release|Any CPU.Deploy.0 = Release|Any CPU
		{5AF282BB-9936-4FEF-88BE-7A2E4D92DE11}.Debug|Any CPU.ActiveCfg = Debug|Any CPU
		{5AF282BB-9936-4FEF-88BE-7A2E4D92DE11}.Debug|Any CPU.Build.0 = Debug|Any CPU
		{5AF282BB-9936-4FEF-88BE-7A2E4D92DE11}.Release|Any CPU.ActiveCfg = Release|Any CPU
		{5AF282BB-9936-4FEF-88BE-7A2E4D92DE11}.Release|Any CPU.Build.0 = Release|Any CPU
	EndGlobalSection
	GlobalSection(SolutionProperties) = preSolution
		HideSolutionNode = FALSE
	EndGlobalSection
	GlobalSection(ExtensibilityGlobals) = postSolution
		SolutionGuid = {A9E3923D-B093-4F6A-ADDE-3A35DB4ED4D4}
	EndGlobalSection
EndGlobal
